// !$*UTF8*$!
{
	archiveVersion = 1;
	classes = {
	};
	objectVersion = 50;
	objects = {

/* Begin PBXBuildFile section */
		3879EBC9254670C100F5D1BC /* AppDelegate.swift in Sources */ = {isa = PBXBuildFile; fileRef = 3879EBC8254670C100F5D1BC /* AppDelegate.swift */; };
		3879EBCB254670C100F5D1BC /* SceneDelegate.swift in Sources */ = {isa = PBXBuildFile; fileRef = 3879EBCA254670C100F5D1BC /* SceneDelegate.swift */; };
		3879EBCD254670C100F5D1BC /* ViewController.swift in Sources */ = {isa = PBXBuildFile; fileRef = 3879EBCC254670C100F5D1BC /* ViewController.swift */; };
		3879EBD0254670C100F5D1BC /* Main.storyboard in Resources */ = {isa = PBXBuildFile; fileRef = 3879EBCE254670C100F5D1BC /* Main.storyboard */; };
		3879EBD2254670CB00F5D1BC /* Assets.xcassets in Resources */ = {isa = PBXBuildFile; fileRef = 3879EBD1254670CB00F5D1BC /* Assets.xcassets */; };
		3879EBD5254670CB00F5D1BC /* LaunchScreen.storyboard in Resources */ = {isa = PBXBuildFile; fileRef = 3879EBD3254670CB00F5D1BC /* LaunchScreen.storyboard */; };
		3879EBDD2548C25300F5D1BC /* InicioViewController.swift in Sources */ = {isa = PBXBuildFile; fileRef = 3879EBDC2548C25300F5D1BC /* InicioViewController.swift */; };
		3879EBE4254CA2EC00F5D1BC /* AlumnoCell.swift in Sources */ = {isa = PBXBuildFile; fileRef = 3879EBE2254CA2EC00F5D1BC /* AlumnoCell.swift */; };
		3879EBE5254CA2EC00F5D1BC /* AlumnoCell.xib in Resources */ = {isa = PBXBuildFile; fileRef = 3879EBE3254CA2EC00F5D1BC /* AlumnoCell.xib */; };
		38C5A1B625525E3600884253 /* ResultadoViewController.swift in Sources */ = {isa = PBXBuildFile; fileRef = 38C5A1B525525E3600884253 /* ResultadoViewController.swift */; };
/* End PBXBuildFile section */

/* Begin PBXFileReference section */
		3879EBC5254670C100F5D1BC /* TableView9-10.app */ = {isa = PBXFileReference; explicitFileType = wrapper.application; includeInIndex = 0; path = "TableView9-10.app"; sourceTree = BUILT_PRODUCTS_DIR; };
		3879EBC8254670C100F5D1BC /* AppDelegate.swift */ = {isa = PBXFileReference; lastKnownFileType = sourcecode.swift; path = AppDelegate.swift; sourceTree = "<group>"; };
		3879EBCA254670C100F5D1BC /* SceneDelegate.swift */ = {isa = PBXFileReference; lastKnownFileType = sourcecode.swift; path = SceneDelegate.swift; sourceTree = "<group>"; };
		3879EBCC254670C100F5D1BC /* ViewController.swift */ = {isa = PBXFileReference; lastKnownFileType = sourcecode.swift; path = ViewController.swift; sourceTree = "<group>"; };
		3879EBCF254670C100F5D1BC /* Base */ = {isa = PBXFileReference; lastKnownFileType = file.storyboard; name = Base; path = Base.lproj/Main.storyboard; sourceTree = "<group>"; };
		3879EBD1254670CB00F5D1BC /* Assets.xcassets */ = {isa = PBXFileReference; lastKnownFileType = folder.assetcatalog; path = Assets.xcassets; sourceTree = "<group>"; };
		3879EBD4254670CB00F5D1BC /* Base */ = {isa = PBXFileReference; lastKnownFileType = file.storyboard; name = Base; path = Base.lproj/LaunchScreen.storyboard; sourceTree = "<group>"; };
		3879EBD6254670CB00F5D1BC /* Info.plist */ = {isa = PBXFileReference; lastKnownFileType = text.plist.xml; path = Info.plist; sourceTree = "<group>"; };
		3879EBDC2548C25300F5D1BC /* InicioViewController.swift */ = {isa = PBXFileReference; lastKnownFileType = sourcecode.swift; path = InicioViewController.swift; sourceTree = "<group>"; };
		3879EBE2254CA2EC00F5D1BC /* AlumnoCell.swift */ = {isa = PBXFileReference; lastKnownFileType = sourcecode.swift; path = AlumnoCell.swift; sourceTree = "<group>"; };
		3879EBE3254CA2EC00F5D1BC /* AlumnoCell.xib */ = {isa = PBXFileReference; lastKnownFileType = file.xib; path = AlumnoCell.xib; sourceTree = "<group>"; };
		38C5A1B525525E3600884253 /* ResultadoViewController.swift */ = {isa = PBXFileReference; lastKnownFileType = sourcecode.swift; path = ResultadoViewController.swift; sourceTree = "<group>"; };
/* End PBXFileReference section */

/* Begin PBXFrameworksBuildPhase section */
		3879EBC2254670C100F5D1BC /* Frameworks */ = {
			isa = PBXFrameworksBuildPhase;
			buildActionMask = 2147483647;
			files = (
			);
			runOnlyForDeploymentPostprocessing = 0;
		};
/* End PBXFrameworksBuildPhase section */

/* Begin PBXGroup section */
		3879EBBC254670C100F5D1BC = {
			isa = PBXGroup;
			children = (
				3879EBC7254670C100F5D1BC /* TableView9-10 */,
				3879EBC6254670C100F5D1BC /* Products */,
			);
			sourceTree = "<group>";
		};
		3879EBC6254670C100F5D1BC /* Products */ = {
			isa = PBXGroup;
			children = (
				3879EBC5254670C100F5D1BC /* TableView9-10.app */,
			);
			name = Products;
			sourceTree = "<group>";
		};
		3879EBC7254670C100F5D1BC /* TableView9-10 */ = {
			isa = PBXGroup;
			children = (
				3879EBC8254670C100F5D1BC /* AppDelegate.swift */,
				3879EBCA254670C100F5D1BC /* SceneDelegate.swift */,
				3879EBCC254670C100F5D1BC /* ViewController.swift */,
				3879EBDC2548C25300F5D1BC /* InicioViewController.swift */,
				3879EBCE254670C100F5D1BC /* Main.storyboard */,
				3879EBD1254670CB00F5D1BC /* Assets.xcassets */,
				3879EBD3254670CB00F5D1BC /* LaunchScreen.storyboard */,
				3879EBD6254670CB00F5D1BC /* Info.plist */,
				3879EBE2254CA2EC00F5D1BC /* AlumnoCell.swift */,
				3879EBE3254CA2EC00F5D1BC /* AlumnoCell.xib */,
				38C5A1B525525E3600884253 /* ResultadoViewController.swift */,
			);
			path = "TableView9-10";
			sourceTree = "<group>";
		};
/* End PBXGroup section */

/* Begin PBXNativeTarget section */
		3879EBC4254670C100F5D1BC /* TableView9-10 */ = {
			isa = PBXNativeTarget;
			buildConfigurationList = 3879EBD9254670CB00F5D1BC /* Build configuration list for PBXNativeTarget "TableView9-10" */;
			buildPhases = (
				3879EBC1254670C100F5D1BC /* Sources */,
				3879EBC2254670C100F5D1BC /* Frameworks */,
				3879EBC3254670C100F5D1BC /* Resources */,
			);
			buildRules = (
			);
			dependencies = (
			);
			name = "TableView9-10";
			productName = "TableView9-10";
			productReference = 3879EBC5254670C100F5D1BC /* TableView9-10.app */;
			productType = "com.apple.product-type.application";
		};
/* End PBXNativeTarget section */

/* Begin PBXProject section */
		3879EBBD254670C100F5D1BC /* Project object */ = {
			isa = PBXProject;
			attributes = {
				LastSwiftUpdateCheck = 1120;
				LastUpgradeCheck = 1120;
				ORGANIZATIONNAME = oscar;
				TargetAttributes = {
					3879EBC4254670C100F5D1BC = {
						CreatedOnToolsVersion = 11.2.1;
					};
				};
			};
			buildConfigurationList = 3879EBC0254670C100F5D1BC /* Build configuration list for PBXProject "TableView9-10" */;
			compatibilityVersion = "Xcode 9.3";
			developmentRegion = en;
			hasScannedForEncodings = 0;
			knownRegions = (
				en,
				Base,
			);
			mainGroup = 3879EBBC254670C100F5D1BC;
			productRefGroup = 3879EBC6254670C100F5D1BC /* Products */;
			projectDirPath = "";
			projectRoot = "";
			targets = (
				3879EBC4254670C100F5D1BC /* TableView9-10 */,
			);
		};
/* End PBXProject section */

/* Begin PBXResourcesBuildPhase section */
		3879EBC3254670C100F5D1BC /* Resources */ = {
			isa = PBXResourcesBuildPhase;
			buildActionMask = 2147483647;
			files = (
				3879EBD5254670CB00F5D1BC /* LaunchScreen.storyboard in Resources */,
				3879EBD2254670CB00F5D1BC /* Assets.xcassets in Resources */,
				3879EBD0254670C100F5D1BC /* Main.storyboard in Resources */,
				3879EBE5254CA2EC00F5D1BC /* AlumnoCell.xib in Resources */,
			);
			runOnlyForDeploymentPostprocessing = 0;
		};
/* End PBXResourcesBuildPhase section */

/* Begin PBXSourcesBuildPhase section */
		3879EBC1254670C100F5D1BC /* Sources */ = {
			isa = PBXSourcesBuildPhase;
			buildActionMask = 2147483647;
			files = (
				38C5A1B625525E3600884253 /* ResultadoViewController.swift in Sources */,
				3879EBCD254670C100F5D1BC /* ViewController.swift in Sources */,
				3879EBC9254670C100F5D1BC /* AppDelegate.swift in Sources */,
				3879EBCB254670C100F5D1BC /* SceneDelegate.swift in Sources */,
				3879EBDD2548C25300F5D1BC /* InicioViewController.swift in Sources */,
				3879EBE4254CA2EC00F5D1BC /* AlumnoCell.swift in Sources */,
			);
			runOnlyForDeploymentPostprocessing = 0;
		};
/* End PBXSourcesBuildPhase section */

/* Begin PBXVariantGroup section */
		3879EBCE254670C100F5D1BC /* Main.storyboard */ = {
			isa = PBXVariantGroup;
			children = (
				3879EBCF254670C100F5D1BC /* Base */,
			);
			name = Main.storyboard;
			sourceTree = "<group>";
		};
		3879EBD3254670CB00F5D1BC /* LaunchScreen.storyboard */ = {
			isa = PBXVariantGroup;
			children = (
				3879EBD4254670CB00F5D1BC /* Base */,
			);
			name = LaunchScreen.storyboard;
			sourceTree = "<group>";
		};
/* End PBXVariantGroup section */

/* Begin XCBuildConfiguration section */
		3879EBD7254670CB00F5D1BC /* Debug */ = {
			isa = XCBuildConfiguration;
			buildSettings = {
				ALWAYS_SEARCH_USER_PATHS = NO;
				CLANG_ANALYZER_NONNULL = YES;
				CLANG_ANALYZER_NUMBER_OBJECT_CONVERSION = YES_AGGRESSIVE;
				CLANG_CXX_LANGUAGE_STANDARD = "gnu++14";
				CLANG_CXX_LIBRARY = "libc++";
				CLANG_ENABLE_MODULES = YES;
				CLANG_ENABLE_OBJC_ARC = YES;
				CLANG_ENABLE_OBJC_WEAK = YES;
				CLANG_WARN_BLOCK_CAPTURE_AUTORELEASING = YES;
				CLANG_WARN_BOOL_CONVERSION = YES;
				CLANG_WARN_COMMA = YES;
				CLANG_WARN_CONSTANT_CONVERSION = YES;
				CLANG_WARN_DEPRECATED_OBJC_IMPLEMENTATIONS = YES;
				CLANG_WARN_DIRECT_OBJC_ISA_USAGE = YES_ERROR;
				CLANG_WARN_DOCUMENTATION_COMMENTS = YES;
				CLANG_WARN_EMPTY_BODY = YES;
				CLANG_WARN_ENUM_CONVERSION = YES;
				CLANG_WARN_INFINITE_RECURSION = YES;
				CLANG_WARN_INT_CONVERSION = YES;
				CLANG_WARN_NON_LITERAL_NULL_CONVERSION = YES;
				CLANG_WARN_OBJC_IMPLICIT_RETAIN_SELF = YES;
				CLANG_WARN_OBJC_LITERAL_CONVERSION = YES;
				CLANG_WARN_OBJC_ROOT_CLASS = YES_ERROR;
				CLANG_WARN_RANGE_LOOP_ANALYSIS = YES;
				CLANG_WARN_STRICT_PROTOTYPES = YES;
				CLANG_WARN_SUSPICIOUS_MOVE = YES;
				CLANG_WARN_UNGUARDED_AVAILABILITY = YES_AGGRESSIVE;
				CLANG_WARN_UNREACHABLE_CODE = YES;
				CLANG_WARN__DUPLICATE_METHOD_MATCH = YES;
				COPY_PHASE_STRIP = NO;
				DEBUG_INFORMATION_FORMAT = dwarf;
				ENABLE_STRICT_OBJC_MSGSEND = YES;
				ENABLE_TESTABILITY = YES;
				GCC_C_LANGUAGE_STANDARD = gnu11;
				GCC_DYNAMIC_NO_PIC = NO;
				GCC_NO_COMMON_BLOCKS = YES;
				GCC_OPTIMIZATION_LEVEL = 0;
				GCC_PREPROCESSOR_DEFINITIONS = (
					"DEBUG=1",
					"$(inherited)",
				);
				GCC_WARN_64_TO_32_BIT_CONVERSION = YES;
				GCC_WARN_ABOUT_RETURN_TYPE = YES_ERROR;
				GCC_WARN_UNDECLARED_SELECTOR = YES;
				GCC_WARN_UNINITIALIZED_AUTOS = YES_AGGRESSIVE;
				GCC_WARN_UNUSED_FUNCTION = YES;
				GCC_WARN_UNUSED_VARIABLE = YES;
				IPHONEOS_DEPLOYMENT_TARGET = 13.2;
				MTL_ENABLE_DEBUG_INFO = INCLUDE_SOURCE;
				MTL_FAST_MATH = YES;
				ONLY_ACTIVE_ARCH = YES;
				SDKROOT = iphoneos;
				SWIFT_ACTIVE_COMPILATION_CONDITIONS = DEBUG;
				SWIFT_OPTIMIZATION_LEVEL = "-Onone";
			};
			name = Debug;
		};
		3879EBD8254670CB00F5D1BC /* Release */ = {
			isa = XCBuildConfiguration;
			buildSettings = {
				ALWAYS_SEARCH_USER_PATHS = NO;
				CLANG_ANALYZER_NONNULL = YES;
				CLANG_ANALYZER_NUMBER_OBJECT_CONVERSION = YES_AGGRESSIVE;
				CLANG_CXX_LANGUAGE_STANDARD = "gnu++14";
				CLANG_CXX_LIBRARY = "libc++";
				CLANG_ENABLE_MODULES = YES;
				CLANG_ENABLE_OBJC_ARC = YES;
				CLANG_ENABLE_OBJC_WEAK = YES;
				CLANG_WARN_BLOCK_CAPTURE_AUTORELEASING = YES;
				CLANG_WARN_BOOL_CONVERSION = YES;
				CLANG_WARN_COMMA = YES;
				CLANG_WARN_CONSTANT_CONVERSION = YES;
				CLANG_WARN_DEPRECATED_OBJC_IMPLEMENTATIONS = YES;
				CLANG_WARN_DIRECT_OBJC_ISA_USAGE = YES_ERROR;
				CLANG_WARN_DOCUMENTATION_COMMENTS = YES;
				CLANG_WARN_EMPTY_BODY = YES;
				CLANG_WARN_ENUM_CONVERSION = YES;
				CLANG_WARN_INFINITE_RECURSION = YES;
				CLANG_WARN_INT_CONVERSION = YES;
				CLANG_WARN_NON_LITERAL_NULL_CONVERSION = YES;
				CLANG_WARN_OBJC_IMPLICIT_RETAIN_SELF = YES;
				CLANG_WARN_OBJC_LITERAL_CONVERSION = YES;
				CLANG_WARN_OBJC_ROOT_CLASS = YES_ERROR;
				CLANG_WARN_RANGE_LOOP_ANALYSIS = YES;
				CLANG_WARN_STRICT_PROTOTYPES = YES;
				CLANG_WARN_SUSPICIOUS_MOVE = YES;
				CLANG_WARN_UNGUARDED_AVAILABILITY = YES_AGGRESSIVE;
				CLANG_WARN_UNREACHABLE_CODE = YES;
				CLANG_WARN__DUPLICATE_METHOD_MATCH = YES;
				COPY_PHASE_STRIP = NO;
				DEBUG_INFORMATION_FORMAT = "dwarf-with-dsym";
				ENABLE_NS_ASSERTIONS = NO;
				ENABLE_STRICT_OBJC_MSGSEND = YES;
				GCC_C_LANGUAGE_STANDARD = gnu11;
				GCC_NO_COMMON_BLOCKS = YES;
				GCC_WARN_64_TO_32_BIT_CONVERSION = YES;
				GCC_WARN_ABOUT_RETURN_TYPE = YES_ERROR;
				GCC_WARN_UNDECLARED_SELECTOR = YES;
				GCC_WARN_UNINITIALIZED_AUTOS = YES_AGGRESSIVE;
				GCC_WARN_UNUSED_FUNCTION = YES;
				GCC_WARN_UNUSED_VARIABLE = YES;
				IPHONEOS_DEPLOYMENT_TARGET = 13.2;
				MTL_ENABLE_DEBUG_INFO = NO;
				MTL_FAST_MATH = YES;
				SDKROOT = iphoneos;
				SWIFT_COMPILATION_MODE = wholemodule;
				SWIFT_OPTIMIZATION_LEVEL = "-O";
				VALIDATE_PRODUCT = YES;
			};
			name = Release;
		};
		3879EBDA254670CB00F5D1BC /* Debug */ = {
			isa = XCBuildConfiguration;
			buildSettings = {
				ASSETCATALOG_COMPILER_APPICON_NAME = AppIcon;
				CODE_SIGN_STYLE = Automatic;
				DEVELOPMENT_TEAM = 34R5LKGZPR;
				INFOPLIST_FILE = "TableView9-10/Info.plist";
				LD_RUNPATH_SEARCH_PATHS = (
					"$(inherited)",
					"@executable_path/Frameworks",
				);
				PRODUCT_BUNDLE_IDENTIFIER = "com.fher.testApp.TableView9-10";
				PRODUCT_NAME = "$(TARGET_NAME)";
				SWIFT_VERSION = 5.0;
				TARGETED_DEVICE_FAMILY = "1,2";
			};
			name = Debug;
		};
		3879EBDB254670CB00F5D1BC /* Release */ = {
			isa = XCBuildConfiguration;
			buildSettings = {
				ASSETCATALOG_COMPILER_APPICON_NAME = AppIcon;
				CODE_SIGN_STYLE = Automatic;
				DEVELOPMENT_TEAM = 34R5LKGZPR;
				INFOPLIST_FILE = "TableView9-10/Info.plist";
				LD_RUNPATH_SEARCH_PATHS = (
					"$(inherited)",
					"@executable_path/Frameworks",
				);
				PRODUCT_BUNDLE_IDENTIFIER = "com.fher.testApp.TableView9-10";
				PRODUCT_NAME = "$(TARGET_NAME)";
				SWIFT_VERSION = 5.0;
				TARGETED_DEVICE_FAMILY = "1,2";
			};
			name = Release;
		};
/* End XCBuildConfiguration section */

/* Begin XCConfigurationList section */
		3879EBC0254670C100F5D1BC /* Build configuration list for PBXProject "TableView9-10" */ = {
			isa = XCConfigurationList;
			buildConfigurations = (
				3879EBD7254670CB00F5D1BC /* Debug */,
				3879EBD8254670CB00F5D1BC /* Release */,
			);
			defaultConfigurationIsVisible = 0;
			defaultConfigurationName = Release;
		};
		3879EBD9254670CB00F5D1BC /* Build configuration list for PBXNativeTarget "TableView9-10" */ = {
			isa = XCConfigurationList;
			buildConfigurations = (
				3879EBDA254670CB00F5D1BC /* Debug */,
				3879EBDB254670CB00F5D1BC /* Release */,
			);
			defaultConfigurationIsVisible = 0;
			defaultConfigurationName = Release;
		};
/* End XCConfigurationList section */
	};
	rootObject = 3879EBBD254670C100F5D1BC /* Project object */;
}
